
Microsoft Visual Studio Solution File, Format Version 12.00
# Visual Studio Version 17
VisualStudioVersion = 17.5.002.0
MinimumVisualStudioVersion = 10.0.40219.1
Project("{9A19103F-16F7-4668-BE54-9A1E7A4F7556}") = "SnusSpel", "SnusSpel.csproj", "{BCD577E3-0AAC-42D9-A624-3A3355093899}"
EndProject
Global
	GlobalSection(SolutionConfigurationPlatforms) = preSolution
		Debug|Any CPU = Debug|Any CPU
		Release|Any CPU = Release|Any CPU
	EndGlobalSection
	GlobalSection(ProjectConfigurationPlatforms) = postSolution
		{BCD577E3-0AAC-42D9-A624-3A3355093899}.Debug|Any CPU.ActiveCfg = Debug|Any CPU
		{BCD577E3-0AAC-42D9-A624-3A3355093899}.Debug|Any CPU.Build.0 = Debug|Any CPU
		{BCD577E3-0AAC-42D9-A624-3A3355093899}.Release|Any CPU.ActiveCfg = Release|Any CPU
		{BCD577E3-0AAC-42D9-A624-3A3355093899}.Release|Any CPU.Build.0 = Release|Any CPU
	EndGlobalSection
	GlobalSection(SolutionProperties) = preSolution
		HideSolutionNode = FALSE
	EndGlobalSection
	GlobalSection(ExtensibilityGlobals) = postSolution
		SolutionGuid = {3D1F8C95-0C1F-464D-8A31-0A420895555A}
	EndGlobalSection
EndGlobal
